
Microsoft Visual Studio Solution File, Format Version 12.00
# Visual Studio Version 16
VisualStudioVersion = 16.0.31410.357
MinimumVisualStudioVersion = 10.0.40219.1
Project("{FAE04EC0-301F-11D3-BF4B-00C04F79EFBC}") = "TestApplication", "TestApplication\TestApplication.csproj", "{6100AE92-4C49-4040-AC1B-EC3A36C65424}"
EndProject
Global
	GlobalSection(SolutionConfigurationPlatforms) = preSolution
		Debug|Any CPU = Debug|Any CPU
		Release|Any CPU = Release|Any CPU
	EndGlobalSection
	GlobalSection(ProjectConfigurationPlatforms) = postSolution
		{6100AE92-4C49-4040-AC1B-EC3A36C65424}.Debug|Any CPU.ActiveCfg = Debug|Any CPU
		{6100AE92-4C49-4040-AC1B-EC3A36C65424}.Debug|Any CPU.Build.0 = Debug|Any CPU
		{6100AE92-4C49-4040-AC1B-EC3A36C65424}.Release|Any CPU.ActiveCfg = Release|Any CPU
		{6100AE92-4C49-4040-AC1B-EC3A36C65424}.Release|Any CPU.Build.0 = Release|Any CPU
	EndGlobalSection
	GlobalSection(SolutionProperties) = preSolution
		HideSolutionNode = FALSE
	EndGlobalSection
	GlobalSection(ExtensibilityGlobals) = postSolution
		SolutionGuid = {30388BB6-0C34-427B-B899-C3F51EE7C952}
	EndGlobalSection
EndGlobal
